# THIS IS AN AUTOGENERATED FILE. DO NOT EDIT THIS FILE DIRECTLY.
# yarn lockfile v1


autosize@^4.0.2:
  version "4.0.2"
  resolved "https://registry.yarnpkg.com/autosize/-/autosize-4.0.2.tgz#073cfd07c8bf45da4b9fd153437f5bafbba1e4c9"

pretty-checkbox-vue@^1.1.9:
  version "1.1.9"
  resolved "https://registry.yarnpkg.com/pretty-checkbox-vue/-/pretty-checkbox-vue-1.1.9.tgz#2d4bfc7f20c54a0e7b94b3d205641dbf8f390fb4"
  dependencies:
    pretty-checkbox "^3.0.3"

pretty-checkbox@^3.0.3:
  version "3.0.3"
  resolved "https://registry.yarnpkg.com/pretty-checkbox/-/pretty-checkbox-3.0.3.tgz#d49c8013a8fc08ee0c2d6ebde453464bfdbc428e"
